// !$*UTF8*$!
{
	archiveVersion = 1;
	classes = {
	};
	objectVersion = 56;
	objects = {

/* Begin PBXBuildFile section */
		7F27D4D529E6D1F000C2B9A9 /* ChatScript.swift in Sources */ = {isa = PBXBuildFile; fileRef = 7F27D4D429E6D1F000C2B9A9 /* ChatScript.swift */; };
		7F90ACEF2A56E82100E3CFFE /* ADBannerView.swift in Sources */ = {isa = PBXBuildFile; fileRef = 7F90ACEE2A56E82100E3CFFE /* ADBannerView.swift */; };
		7FC00EE02A56E69600B5AEB5 /* GoogleMobileAds in Frameworks */ = {isa = PBXBuildFile; productRef = 7FC00EDF2A56E69600B5AEB5 /* GoogleMobileAds */; };
		7FC1DEF429B39CBB00791AA6 /* ChatGPTisGodAppApp.swift in Sources */ = {isa = PBXBuildFile; fileRef = 7FC1DEF329B39CBB00791AA6 /* ChatGPTisGodAppApp.swift */; };
		7FC1DEF629B39CBB00791AA6 /* ContentView.swift in Sources */ = {isa = PBXBuildFile; fileRef = 7FC1DEF529B39CBB00791AA6 /* ContentView.swift */; };
		7FC1DEF829B39CBD00791AA6 /* Assets.xcassets in Resources */ = {isa = PBXBuildFile; fileRef = 7FC1DEF729B39CBD00791AA6 /* Assets.xcassets */; };
		7FC1DEFB29B39CBD00791AA6 /* Preview Assets.xcassets in Resources */ = {isa = PBXBuildFile; fileRef = 7FC1DEFA29B39CBD00791AA6 /* Preview Assets.xcassets */; };
		7FC1DF0529B39CBD00791AA6 /* ChatGPTisGodAppTests.swift in Sources */ = {isa = PBXBuildFile; fileRef = 7FC1DF0429B39CBD00791AA6 /* ChatGPTisGodAppTests.swift */; };
		7FC1DF2329B3A34900791AA6 /* Info.swift in Sources */ = {isa = PBXBuildFile; fileRef = 7FC1DF2229B3A34900791AA6 /* Info.swift */; };
		7FC1DF2929B4345300791AA6 /* BaseRequest.swift in Sources */ = {isa = PBXBuildFile; fileRef = 7FC1DF2829B4345300791AA6 /* BaseRequest.swift */; };
		7FC1DF2B29B4366B00791AA6 /* OpenAIRequest.swift in Sources */ = {isa = PBXBuildFile; fileRef = 7FC1DF2A29B4366B00791AA6 /* OpenAIRequest.swift */; };
		7FC1DF2D29B437AD00791AA6 /* OpenAICompletion.swift in Sources */ = {isa = PBXBuildFile; fileRef = 7FC1DF2C29B437AD00791AA6 /* OpenAICompletion.swift */; };
		7FC1DF2F29B43D7400791AA6 /* APIClient.swift in Sources */ = {isa = PBXBuildFile; fileRef = 7FC1DF2E29B43D7400791AA6 /* APIClient.swift */; };
		7FC1DF3129BD963000791AA6 /* LaunchScreen.swift in Sources */ = {isa = PBXBuildFile; fileRef = 7FC1DF3029BD963000791AA6 /* LaunchScreen.swift */; };
		7FC1DF3329BD977200791AA6 /* Color+Extension.swift in Sources */ = {isa = PBXBuildFile; fileRef = 7FC1DF3229BD977200791AA6 /* Color+Extension.swift */; };
		7FC1DF3829BDA6F900791AA6 /* Lottie in Frameworks */ = {isa = PBXBuildFile; productRef = 7FC1DF3729BDA6F900791AA6 /* Lottie */; };
		7FC1DF3A29BDAAA000791AA6 /* LottieView.swift in Sources */ = {isa = PBXBuildFile; fileRef = 7FC1DF3929BDAAA000791AA6 /* LottieView.swift */; };
		7FC1DF3C29BDAC8000791AA6 /* loading.json in Resources */ = {isa = PBXBuildFile; fileRef = 7FC1DF3B29BDAC8000791AA6 /* loading.json */; };
		7FC1DF3E29BDC66100791AA6 /* AnswerView.swift in Sources */ = {isa = PBXBuildFile; fileRef = 7FC1DF3D29BDC66100791AA6 /* AnswerView.swift */; };
		7FC1DF4029BDCF5000791AA6 /* GodAnswerViewModel.swift in Sources */ = {isa = PBXBuildFile; fileRef = 7FC1DF3F29BDCF5000791AA6 /* GodAnswerViewModel.swift */; };
		7FC1DF4329BE065E00791AA6 /* String+Extension.swift in Sources */ = {isa = PBXBuildFile; fileRef = 7FC1DF4229BE065E00791AA6 /* String+Extension.swift */; };
		7FC1DF4529BE0A0E00791AA6 /* QuestionView.swift in Sources */ = {isa = PBXBuildFile; fileRef = 7FC1DF4429BE0A0E00791AA6 /* QuestionView.swift */; };
		7FC1DF4729C6ACD000791AA6 /* MatchedView.swift in Sources */ = {isa = PBXBuildFile; fileRef = 7FC1DF4629C6ACD000791AA6 /* MatchedView.swift */; };
		7FC1DF4929C72AF900791AA6 /* VideoPlayerUIView.swift in Sources */ = {isa = PBXBuildFile; fileRef = 7FC1DF4829C72AF900791AA6 /* VideoPlayerUIView.swift */; };
		7FC1DF9429C9445800791AA6 /* license-list.plist in Resources */ = {isa = PBXBuildFile; fileRef = 7FC1DF9329C9445700791AA6 /* license-list.plist */; };
		7FC1DF9829C947EA00791AA6 /* AppInfoList in Frameworks */ = {isa = PBXBuildFile; productRef = 7FC1DF9729C947EA00791AA6 /* AppInfoList */; };
		7FC1DF9A29C9492E00791AA6 /* AppInfoView.swift in Sources */ = {isa = PBXBuildFile; fileRef = 7FC1DF9929C9492E00791AA6 /* AppInfoView.swift */; };
		7FC1DF9C29C95EAF00791AA6 /* Toast.swift in Sources */ = {isa = PBXBuildFile; fileRef = 7FC1DF9B29C95EAF00791AA6 /* Toast.swift */; };
		7FC1DF9E29C9796B00791AA6 /* splash.json in Resources */ = {isa = PBXBuildFile; fileRef = 7FC1DF9D29C9796B00791AA6 /* splash.json */; };
/* End PBXBuildFile section */

/* Begin PBXContainerItemProxy section */
		7FC1DF0129B39CBD00791AA6 /* PBXContainerItemProxy */ = {
			isa = PBXContainerItemProxy;
			containerPortal = 7FC1DEE829B39CBB00791AA6 /* Project object */;
			proxyType = 1;
			remoteGlobalIDString = 7FC1DEEF29B39CBB00791AA6;
			remoteInfo = ChatGPTisGodApp;
		};
/* End PBXContainerItemProxy section */

/* Begin PBXFileReference section */
		7F27D4D429E6D1F000C2B9A9 /* ChatScript.swift */ = {isa = PBXFileReference; lastKnownFileType = sourcecode.swift; path = ChatScript.swift; sourceTree = "<group>"; };
		7F90ACEE2A56E82100E3CFFE /* ADBannerView.swift */ = {isa = PBXFileReference; lastKnownFileType = sourcecode.swift; path = ADBannerView.swift; sourceTree = "<group>"; };
		7FC1DEF029B39CBB00791AA6 /* ChatGPTisGodApp.app */ = {isa = PBXFileReference; explicitFileType = wrapper.application; includeInIndex = 0; path = ChatGPTisGodApp.app; sourceTree = BUILT_PRODUCTS_DIR; };
		7FC1DEF329B39CBB00791AA6 /* ChatGPTisGodAppApp.swift */ = {isa = PBXFileReference; lastKnownFileType = sourcecode.swift; path = ChatGPTisGodAppApp.swift; sourceTree = "<group>"; };
		7FC1DEF529B39CBB00791AA6 /* ContentView.swift */ = {isa = PBXFileReference; lastKnownFileType = sourcecode.swift; path = ContentView.swift; sourceTree = "<group>"; };
		7FC1DEF729B39CBD00791AA6 /* Assets.xcassets */ = {isa = PBXFileReference; lastKnownFileType = folder.assetcatalog; path = Assets.xcassets; sourceTree = "<group>"; };
		7FC1DEFA29B39CBD00791AA6 /* Preview Assets.xcassets */ = {isa = PBXFileReference; lastKnownFileType = folder.assetcatalog; path = "Preview Assets.xcassets"; sourceTree = "<group>"; };
		7FC1DF0029B39CBD00791AA6 /* ChatGPTisGodAppTests.xctest */ = {isa = PBXFileReference; explicitFileType = wrapper.cfbundle; includeInIndex = 0; path = ChatGPTisGodAppTests.xctest; sourceTree = BUILT_PRODUCTS_DIR; };
		7FC1DF0429B39CBD00791AA6 /* ChatGPTisGodAppTests.swift */ = {isa = PBXFileReference; lastKnownFileType = sourcecode.swift; path = ChatGPTisGodAppTests.swift; sourceTree = "<group>"; };
		7FC1DF0E29B39CBD00791AA6 /* ChatGPTisGodAppUITests.swift */ = {isa = PBXFileReference; lastKnownFileType = sourcecode.swift; path = ChatGPTisGodAppUITests.swift; sourceTree = "<group>"; };
		7FC1DF1029B39CBD00791AA6 /* ChatGPTisGodAppUITestsLaunchTests.swift */ = {isa = PBXFileReference; lastKnownFileType = sourcecode.swift; path = ChatGPTisGodAppUITestsLaunchTests.swift; sourceTree = "<group>"; };
		7FC1DF2229B3A34900791AA6 /* Info.swift */ = {isa = PBXFileReference; lastKnownFileType = sourcecode.swift; path = Info.swift; sourceTree = "<group>"; };
		7FC1DF2829B4345300791AA6 /* BaseRequest.swift */ = {isa = PBXFileReference; lastKnownFileType = sourcecode.swift; path = BaseRequest.swift; sourceTree = "<group>"; };
		7FC1DF2A29B4366B00791AA6 /* OpenAIRequest.swift */ = {isa = PBXFileReference; lastKnownFileType = sourcecode.swift; path = OpenAIRequest.swift; sourceTree = "<group>"; };
		7FC1DF2C29B437AD00791AA6 /* OpenAICompletion.swift */ = {isa = PBXFileReference; lastKnownFileType = sourcecode.swift; path = OpenAICompletion.swift; sourceTree = "<group>"; };
		7FC1DF2E29B43D7400791AA6 /* APIClient.swift */ = {isa = PBXFileReference; lastKnownFileType = sourcecode.swift; path = APIClient.swift; sourceTree = "<group>"; };
		7FC1DF3029BD963000791AA6 /* LaunchScreen.swift */ = {isa = PBXFileReference; lastKnownFileType = sourcecode.swift; path = LaunchScreen.swift; sourceTree = "<group>"; };
		7FC1DF3229BD977200791AA6 /* Color+Extension.swift */ = {isa = PBXFileReference; lastKnownFileType = sourcecode.swift; path = "Color+Extension.swift"; sourceTree = "<group>"; };
		7FC1DF3929BDAAA000791AA6 /* LottieView.swift */ = {isa = PBXFileReference; lastKnownFileType = sourcecode.swift; path = LottieView.swift; sourceTree = "<group>"; };
		7FC1DF3B29BDAC8000791AA6 /* loading.json */ = {isa = PBXFileReference; fileEncoding = 4; lastKnownFileType = text.json; path = loading.json; sourceTree = "<group>"; };
		7FC1DF3D29BDC66100791AA6 /* AnswerView.swift */ = {isa = PBXFileReference; lastKnownFileType = sourcecode.swift; name = AnswerView.swift; path = ChatGPTisGodApp/View/AnswerView.swift; sourceTree = SOURCE_ROOT; };
		7FC1DF3F29BDCF5000791AA6 /* GodAnswerViewModel.swift */ = {isa = PBXFileReference; lastKnownFileType = sourcecode.swift; path = GodAnswerViewModel.swift; sourceTree = "<group>"; };
		7FC1DF4229BE065E00791AA6 /* String+Extension.swift */ = {isa = PBXFileReference; lastKnownFileType = sourcecode.swift; path = "String+Extension.swift"; sourceTree = "<group>"; };
		7FC1DF4429BE0A0E00791AA6 /* QuestionView.swift */ = {isa = PBXFileReference; lastKnownFileType = sourcecode.swift; path = QuestionView.swift; sourceTree = "<group>"; };
		7FC1DF4629C6ACD000791AA6 /* MatchedView.swift */ = {isa = PBXFileReference; lastKnownFileType = sourcecode.swift; path = MatchedView.swift; sourceTree = "<group>"; };
		7FC1DF4829C72AF900791AA6 /* VideoPlayerUIView.swift */ = {isa = PBXFileReference; lastKnownFileType = sourcecode.swift; path = VideoPlayerUIView.swift; sourceTree = "<group>"; };
		7FC1DF4E29C7303800791AA6 /* Info.plist */ = {isa = PBXFileReference; lastKnownFileType = text.plist; path = Info.plist; sourceTree = "<group>"; };
		7FC1DF9329C9445700791AA6 /* license-list.plist */ = {isa = PBXFileReference; fileEncoding = 4; lastKnownFileType = text.plist.xml; path = "license-list.plist"; sourceTree = "<group>"; };
		7FC1DF9929C9492E00791AA6 /* AppInfoView.swift */ = {isa = PBXFileReference; lastKnownFileType = sourcecode.swift; path = AppInfoView.swift; sourceTree = "<group>"; };
		7FC1DF9B29C95EAF00791AA6 /* Toast.swift */ = {isa = PBXFileReference; lastKnownFileType = sourcecode.swift; path = Toast.swift; sourceTree = "<group>"; };
		7FC1DF9D29C9796B00791AA6 /* splash.json */ = {isa = PBXFileReference; fileEncoding = 4; lastKnownFileType = text.json; path = splash.json; sourceTree = "<group>"; };
/* End PBXFileReference section */

/* Begin PBXFrameworksBuildPhase section */
		7FC1DEED29B39CBB00791AA6 /* Frameworks */ = {
			isa = PBXFrameworksBuildPhase;
			buildActionMask = 2147483647;
			files = (
				7FC00EE02A56E69600B5AEB5 /* GoogleMobileAds in Frameworks */,
				7FC1DF3829BDA6F900791AA6 /* Lottie in Frameworks */,
				7FC1DF9829C947EA00791AA6 /* AppInfoList in Frameworks */,
			);
			runOnlyForDeploymentPostprocessing = 0;
		};
		7FC1DEFD29B39CBD00791AA6 /* Frameworks */ = {
			isa = PBXFrameworksBuildPhase;
			buildActionMask = 2147483647;
			files = (
			);
			runOnlyForDeploymentPostprocessing = 0;
		};
/* End PBXFrameworksBuildPhase section */

/* Begin PBXGroup section */
		7FC1DEE729B39CBB00791AA6 = {
			isa = PBXGroup;
			children = (
				7FC1DF9329C9445700791AA6 /* license-list.plist */,
				7FC1DEF229B39CBB00791AA6 /* ChatGPTisGodApp */,
				7FC1DF0329B39CBD00791AA6 /* ChatGPTisGodAppTests */,
				7FC1DF0D29B39CBD00791AA6 /* ChatGPTisGodAppUITests */,
				7FC1DEF129B39CBB00791AA6 /* Products */,
			);
			sourceTree = "<group>";
		};
		7FC1DEF129B39CBB00791AA6 /* Products */ = {
			isa = PBXGroup;
			children = (
				7FC1DEF029B39CBB00791AA6 /* ChatGPTisGodApp.app */,
				7FC1DF0029B39CBD00791AA6 /* ChatGPTisGodAppTests.xctest */,
			);
			name = Products;
			sourceTree = "<group>";
		};
		7FC1DEF229B39CBB00791AA6 /* ChatGPTisGodApp */ = {
			isa = PBXGroup;
			children = (
				7FC1DF4E29C7303800791AA6 /* Info.plist */,
				7FC1DF4129BDDFE600791AA6 /* Extension */,
				7FC1DF2629B4317100791AA6 /* View */,
				7FC1DF2529B4316A00791AA6 /* ViewModel */,
				7FC1DF2429B4316200791AA6 /* Model */,
				7FC1DEF329B39CBB00791AA6 /* ChatGPTisGodAppApp.swift */,
				7FC1DEF729B39CBD00791AA6 /* Assets.xcassets */,
				7FC1DF3B29BDAC8000791AA6 /* loading.json */,
				7FC1DF9D29C9796B00791AA6 /* splash.json */,
				7FC1DEF929B39CBD00791AA6 /* Preview Content */,
				7FC1DF4F29C7347800791AA6 /* Resources */,
				7FC1DF2229B3A34900791AA6 /* Info.swift */,
				7FC1DF3029BD963000791AA6 /* LaunchScreen.swift */,
			);
			path = ChatGPTisGodApp;
			sourceTree = "<group>";
		};
		7FC1DEF929B39CBD00791AA6 /* Preview Content */ = {
			isa = PBXGroup;
			children = (
				7FC1DEFA29B39CBD00791AA6 /* Preview Assets.xcassets */,
			);
			path = "Preview Content";
			sourceTree = "<group>";
		};
		7FC1DF0329B39CBD00791AA6 /* ChatGPTisGodAppTests */ = {
			isa = PBXGroup;
			children = (
				7FC1DF0429B39CBD00791AA6 /* ChatGPTisGodAppTests.swift */,
			);
			path = ChatGPTisGodAppTests;
			sourceTree = "<group>";
		};
		7FC1DF0D29B39CBD00791AA6 /* ChatGPTisGodAppUITests */ = {
			isa = PBXGroup;
			children = (
				7FC1DF0E29B39CBD00791AA6 /* ChatGPTisGodAppUITests.swift */,
				7FC1DF1029B39CBD00791AA6 /* ChatGPTisGodAppUITestsLaunchTests.swift */,
			);
			path = ChatGPTisGodAppUITests;
			sourceTree = "<group>";
		};
		7FC1DF2429B4316200791AA6 /* Model */ = {
			isa = PBXGroup;
			children = (
				7FC1DF2729B4344600791AA6 /* API */,
				7FC1DF2C29B437AD00791AA6 /* OpenAICompletion.swift */,
				7F27D4D429E6D1F000C2B9A9 /* ChatScript.swift */,
			);
			path = Model;
			sourceTree = "<group>";
		};
		7FC1DF2529B4316A00791AA6 /* ViewModel */ = {
			isa = PBXGroup;
			children = (
				7FC1DF3F29BDCF5000791AA6 /* GodAnswerViewModel.swift */,
			);
			path = ViewModel;
			sourceTree = "<group>";
		};
		7FC1DF2629B4317100791AA6 /* View */ = {
			isa = PBXGroup;
			children = (
				7FC1DF3D29BDC66100791AA6 /* AnswerView.swift */,
				7FC1DEF529B39CBB00791AA6 /* ContentView.swift */,
				7FC1DF3929BDAAA000791AA6 /* LottieView.swift */,
				7FC1DF4429BE0A0E00791AA6 /* QuestionView.swift */,
				7FC1DF4629C6ACD000791AA6 /* MatchedView.swift */,
				7FC1DF4829C72AF900791AA6 /* VideoPlayerUIView.swift */,
				7FC1DF9929C9492E00791AA6 /* AppInfoView.swift */,
				7FC1DF9B29C95EAF00791AA6 /* Toast.swift */,
				7F90ACEE2A56E82100E3CFFE /* ADBannerView.swift */,
			);
			path = View;
			sourceTree = "<group>";
		};
		7FC1DF2729B4344600791AA6 /* API */ = {
			isa = PBXGroup;
			children = (
				7FC1DF2829B4345300791AA6 /* BaseRequest.swift */,
				7FC1DF2A29B4366B00791AA6 /* OpenAIRequest.swift */,
				7FC1DF2E29B43D7400791AA6 /* APIClient.swift */,
			);
			path = API;
			sourceTree = "<group>";
		};
		7FC1DF4129BDDFE600791AA6 /* Extension */ = {
			isa = PBXGroup;
			children = (
				7FC1DF3229BD977200791AA6 /* Color+Extension.swift */,
				7FC1DF4229BE065E00791AA6 /* String+Extension.swift */,
			);
			path = Extension;
			sourceTree = "<group>";
		};
		7FC1DF4F29C7347800791AA6 /* Resources */ = {
			isa = PBXGroup;
			children = (
			);
			path = Resources;
			sourceTree = "<group>";
		};
/* End PBXGroup section */

/* Begin PBXNativeTarget section */
		7FC1DEEF29B39CBB00791AA6 /* ChatGPTisGodApp */ = {
			isa = PBXNativeTarget;
			buildConfigurationList = 7FC1DF1429B39CBD00791AA6 /* Build configuration list for PBXNativeTarget "ChatGPTisGodApp" */;
			buildPhases = (
				7FC1DEEC29B39CBB00791AA6 /* Sources */,
				7FC1DEED29B39CBB00791AA6 /* Frameworks */,
				7FC1DEEE29B39CBB00791AA6 /* Resources */,
				7FC1DF9529C9447200791AA6 /* ShellScript */,
				7FC00EDD2A55A0AB00B5AEB5 /* ShellScript */,
			);
			buildRules = (
			);
			dependencies = (
			);
			name = ChatGPTisGodApp;
			packageProductDependencies = (
				7FC1DF3729BDA6F900791AA6 /* Lottie */,
				7FC1DF9729C947EA00791AA6 /* AppInfoList */,
				7FC00EDF2A56E69600B5AEB5 /* GoogleMobileAds */,
			);
			productName = ChatGPTisGodApp;
			productReference = 7FC1DEF029B39CBB00791AA6 /* ChatGPTisGodApp.app */;
			productType = "com.apple.product-type.application";
		};
		7FC1DEFF29B39CBD00791AA6 /* ChatGPTisGodAppTests */ = {
			isa = PBXNativeTarget;
			buildConfigurationList = 7FC1DF1729B39CBD00791AA6 /* Build configuration list for PBXNativeTarget "ChatGPTisGodAppTests" */;
			buildPhases = (
				7FC1DEFC29B39CBD00791AA6 /* Sources */,
				7FC1DEFD29B39CBD00791AA6 /* Frameworks */,
				7FC1DEFE29B39CBD00791AA6 /* Resources */,
			);
			buildRules = (
			);
			dependencies = (
				7FC1DF0229B39CBD00791AA6 /* PBXTargetDependency */,
			);
			name = ChatGPTisGodAppTests;
			productName = ChatGPTisGodAppTests;
			productReference = 7FC1DF0029B39CBD00791AA6 /* ChatGPTisGodAppTests.xctest */;
			productType = "com.apple.product-type.bundle.unit-test";
		};
/* End PBXNativeTarget section */

/* Begin PBXProject section */
		7FC1DEE829B39CBB00791AA6 /* Project object */ = {
			isa = PBXProject;
			attributes = {
				BuildIndependentTargetsInParallel = 1;
				LastSwiftUpdateCheck = 1420;
				LastUpgradeCheck = 1420;
				TargetAttributes = {
					7FC1DEEF29B39CBB00791AA6 = {
						CreatedOnToolsVersion = 14.2;
					};
					7FC1DEFF29B39CBD00791AA6 = {
						CreatedOnToolsVersion = 14.2;
						TestTargetID = 7FC1DEEF29B39CBB00791AA6;
					};
				};
			};
			buildConfigurationList = 7FC1DEEB29B39CBB00791AA6 /* Build configuration list for PBXProject "ChatGPTisGodApp" */;
			compatibilityVersion = "Xcode 14.0";
			developmentRegion = en;
			hasScannedForEncodings = 0;
			knownRegions = (
				en,
				Base,
			);
			mainGroup = 7FC1DEE729B39CBB00791AA6;
			packageReferences = (
				7FC1DF3629BDA6F900791AA6 /* XCRemoteSwiftPackageReference "lottie-ios" */,
				7FC1DF9629C947EA00791AA6 /* XCRemoteSwiftPackageReference "AppInfoList" */,
				7FC00EDE2A56E69600B5AEB5 /* XCRemoteSwiftPackageReference "swift-package-manager-google-mobile-ads" */,
			);
			productRefGroup = 7FC1DEF129B39CBB00791AA6 /* Products */;
			projectDirPath = "";
			projectRoot = "";
			targets = (
				7FC1DEEF29B39CBB00791AA6 /* ChatGPTisGodApp */,
				7FC1DEFF29B39CBD00791AA6 /* ChatGPTisGodAppTests */,
			);
		};
/* End PBXProject section */

/* Begin PBXResourcesBuildPhase section */
		7FC1DEEE29B39CBB00791AA6 /* Resources */ = {
			isa = PBXResourcesBuildPhase;
			buildActionMask = 2147483647;
			files = (
				7FC1DF9429C9445800791AA6 /* license-list.plist in Resources */,
				7FC1DF3C29BDAC8000791AA6 /* loading.json in Resources */,
				7FC1DEFB29B39CBD00791AA6 /* Preview Assets.xcassets in Resources */,
				7FC1DEF829B39CBD00791AA6 /* Assets.xcassets in Resources */,
				7FC1DF9E29C9796B00791AA6 /* splash.json in Resources */,
			);
			runOnlyForDeploymentPostprocessing = 0;
		};
		7FC1DEFE29B39CBD00791AA6 /* Resources */ = {
			isa = PBXResourcesBuildPhase;
			buildActionMask = 2147483647;
			files = (
			);
			runOnlyForDeploymentPostprocessing = 0;
		};
/* End PBXResourcesBuildPhase section */

/* Begin PBXShellScriptBuildPhase section */
		7FC00EDD2A55A0AB00B5AEB5 /* ShellScript */ = {
			isa = PBXShellScriptBuildPhase;
			alwaysOutOfDate = 1;
			buildActionMask = 2147483647;
			files = (
			);
			inputFileListPaths = (
			);
			inputPaths = (
			);
			outputFileListPaths = (
			);
			outputPaths = (
			);
			runOnlyForDeploymentPostprocessing = 0;
			shellPath = /bin/sh;
			shellScript = "# Type a script or drag a script file from your workspace to insert its path.\nif test -d /opt/homebrew/bin; then\n    PATH=/opt/homebrew/bin/:$PATH\nfi\n\nif which swiftlint >/dev/null; then\n  swiftlint\nelse\n  echo \"SwiftLint does not exist, download from https://github.com/realm/SwiftLint\"\nfi\n";
		};
		7FC1DF9529C9447200791AA6 /* ShellScript */ = {
			isa = PBXShellScriptBuildPhase;
			alwaysOutOfDate = 1;
			buildActionMask = 2147483647;
			files = (
			);
			inputFileListPaths = (
			);
			inputPaths = (
			);
			outputFileListPaths = (
			);
			outputPaths = (
			);
			runOnlyForDeploymentPostprocessing = 0;
			shellPath = /bin/sh;
			shellScript = "SOURCE_PACKAGES_PATH=`echo ${BUILD_DIR%Build/*}SourcePackages`\n\n# Build SourcePackagesParser\nxcrun --sdk macosx swift build -c release \\\n  --package-path ${SOURCE_PACKAGES_PATH}/checkouts/LicenseList \\\n  --product spp\n\n# Run SourcePackagesParser\n${SOURCE_PACKAGES_PATH}/checkouts/LicenseList/.build/release/spp ${SRCROOT} ${SOURCE_PACKAGES_PATH}\n";
		};
/* End PBXShellScriptBuildPhase section */

/* Begin PBXSourcesBuildPhase section */
		7FC1DEEC29B39CBB00791AA6 /* Sources */ = {
			isa = PBXSourcesBuildPhase;
			buildActionMask = 2147483647;
			files = (
				7FC1DF3329BD977200791AA6 /* Color+Extension.swift in Sources */,
				7FC1DF3129BD963000791AA6 /* LaunchScreen.swift in Sources */,
				7FC1DF2929B4345300791AA6 /* BaseRequest.swift in Sources */,
				7FC1DEF629B39CBB00791AA6 /* ContentView.swift in Sources */,
				7FC1DF4729C6ACD000791AA6 /* MatchedView.swift in Sources */,
				7FC1DF2F29B43D7400791AA6 /* APIClient.swift in Sources */,
				7FC1DF2D29B437AD00791AA6 /* OpenAICompletion.swift in Sources */,
				7F90ACEF2A56E82100E3CFFE /* ADBannerView.swift in Sources */,
				7FC1DF9C29C95EAF00791AA6 /* Toast.swift in Sources */,
				7FC1DF4329BE065E00791AA6 /* String+Extension.swift in Sources */,
				7FC1DEF429B39CBB00791AA6 /* ChatGPTisGodAppApp.swift in Sources */,
				7FC1DF3E29BDC66100791AA6 /* AnswerView.swift in Sources */,
				7F27D4D529E6D1F000C2B9A9 /* ChatScript.swift in Sources */,
				7FC1DF3A29BDAAA000791AA6 /* LottieView.swift in Sources */,
				7FC1DF4529BE0A0E00791AA6 /* QuestionView.swift in Sources */,
				7FC1DF4029BDCF5000791AA6 /* GodAnswerViewModel.swift in Sources */,
				7FC1DF2329B3A34900791AA6 /* Info.swift in Sources */,
				7FC1DF2B29B4366B00791AA6 /* OpenAIRequest.swift in Sources */,
				7FC1DF4929C72AF900791AA6 /* VideoPlayerUIView.swift in Sources */,
				7FC1DF9A29C9492E00791AA6 /* AppInfoView.swift in Sources */,
			);
			runOnlyForDeploymentPostprocessing = 0;
		};
		7FC1DEFC29B39CBD00791AA6 /* Sources */ = {
			isa = PBXSourcesBuildPhase;
			buildActionMask = 2147483647;
			files = (
				7FC1DF0529B39CBD00791AA6 /* ChatGPTisGodAppTests.swift in Sources */,
			);
			runOnlyForDeploymentPostprocessing = 0;
		};
/* End PBXSourcesBuildPhase section */

/* Begin PBXTargetDependency section */
		7FC1DF0229B39CBD00791AA6 /* PBXTargetDependency */ = {
			isa = PBXTargetDependency;
			target = 7FC1DEEF29B39CBB00791AA6 /* ChatGPTisGodApp */;
			targetProxy = 7FC1DF0129B39CBD00791AA6 /* PBXContainerItemProxy */;
		};
/* End PBXTargetDependency section */

/* Begin XCBuildConfiguration section */
		7FC1DF1229B39CBD00791AA6 /* Debug */ = {
			isa = XCBuildConfiguration;
			buildSettings = {
				ALWAYS_SEARCH_USER_PATHS = NO;
				CLANG_ANALYZER_NONNULL = YES;
				CLANG_ANALYZER_NUMBER_OBJECT_CONVERSION = YES_AGGRESSIVE;
				CLANG_CXX_LANGUAGE_STANDARD = "gnu++20";
				CLANG_ENABLE_MODULES = YES;
				CLANG_ENABLE_OBJC_ARC = YES;
				CLANG_ENABLE_OBJC_WEAK = YES;
				CLANG_WARN_BLOCK_CAPTURE_AUTORELEASING = YES;
				CLANG_WARN_BOOL_CONVERSION = YES;
				CLANG_WARN_COMMA = YES;
				CLANG_WARN_CONSTANT_CONVERSION = YES;
				CLANG_WARN_DEPRECATED_OBJC_IMPLEMENTATIONS = YES;
				CLANG_WARN_DIRECT_OBJC_ISA_USAGE = YES_ERROR;
				CLANG_WARN_DOCUMENTATION_COMMENTS = YES;
				CLANG_WARN_EMPTY_BODY = YES;
				CLANG_WARN_ENUM_CONVERSION = YES;
				CLANG_WARN_INFINITE_RECURSION = YES;
				CLANG_WARN_INT_CONVERSION = YES;
				CLANG_WARN_NON_LITERAL_NULL_CONVERSION = YES;
				CLANG_WARN_OBJC_IMPLICIT_RETAIN_SELF = YES;
				CLANG_WARN_OBJC_LITERAL_CONVERSION = YES;
				CLANG_WARN_OBJC_ROOT_CLASS = YES_ERROR;
				CLANG_WARN_QUOTED_INCLUDE_IN_FRAMEWORK_HEADER = YES;
				CLANG_WARN_RANGE_LOOP_ANALYSIS = YES;
				CLANG_WARN_STRICT_PROTOTYPES = YES;
				CLANG_WARN_SUSPICIOUS_MOVE = YES;
				CLANG_WARN_UNGUARDED_AVAILABILITY = YES_AGGRESSIVE;
				CLANG_WARN_UNREACHABLE_CODE = YES;
				CLANG_WARN__DUPLICATE_METHOD_MATCH = YES;
				COPY_PHASE_STRIP = NO;
				DEBUG_INFORMATION_FORMAT = dwarf;
				ENABLE_STRICT_OBJC_MSGSEND = YES;
				ENABLE_TESTABILITY = YES;
				GCC_C_LANGUAGE_STANDARD = gnu11;
				GCC_DYNAMIC_NO_PIC = NO;
				GCC_NO_COMMON_BLOCKS = YES;
				GCC_OPTIMIZATION_LEVEL = 0;
				GCC_PREPROCESSOR_DEFINITIONS = (
					"DEBUG=1",
					"$(inherited)",
				);
				GCC_WARN_64_TO_32_BIT_CONVERSION = YES;
				GCC_WARN_ABOUT_RETURN_TYPE = YES_ERROR;
				GCC_WARN_UNDECLARED_SELECTOR = YES;
				GCC_WARN_UNINITIALIZED_AUTOS = YES_AGGRESSIVE;
				GCC_WARN_UNUSED_FUNCTION = YES;
				GCC_WARN_UNUSED_VARIABLE = YES;
				IPHONEOS_DEPLOYMENT_TARGET = 16.2;
				MTL_ENABLE_DEBUG_INFO = INCLUDE_SOURCE;
				MTL_FAST_MATH = YES;
				ONLY_ACTIVE_ARCH = YES;
				"OTHER_LDFLAGS[arch=*]" = "-ObjC";
				SDKROOT = iphoneos;
				SWIFT_ACTIVE_COMPILATION_CONDITIONS = DEBUG;
				SWIFT_OPTIMIZATION_LEVEL = "-Onone";
			};
			name = Debug;
		};
		7FC1DF1329B39CBD00791AA6 /* Release */ = {
			isa = XCBuildConfiguration;
			buildSettings = {
				ALWAYS_SEARCH_USER_PATHS = NO;
				CLANG_ANALYZER_NONNULL = YES;
				CLANG_ANALYZER_NUMBER_OBJECT_CONVERSION = YES_AGGRESSIVE;
				CLANG_CXX_LANGUAGE_STANDARD = "gnu++20";
				CLANG_ENABLE_MODULES = YES;
				CLANG_ENABLE_OBJC_ARC = YES;
				CLANG_ENABLE_OBJC_WEAK = YES;
				CLANG_WARN_BLOCK_CAPTURE_AUTORELEASING = YES;
				CLANG_WARN_BOOL_CONVERSION = YES;
				CLANG_WARN_COMMA = YES;
				CLANG_WARN_CONSTANT_CONVERSION = YES;
				CLANG_WARN_DEPRECATED_OBJC_IMPLEMENTATIONS = YES;
				CLANG_WARN_DIRECT_OBJC_ISA_USAGE = YES_ERROR;
				CLANG_WARN_DOCUMENTATION_COMMENTS = YES;
				CLANG_WARN_EMPTY_BODY = YES;
				CLANG_WARN_ENUM_CONVERSION = YES;
				CLANG_WARN_INFINITE_RECURSION = YES;
				CLANG_WARN_INT_CONVERSION = YES;
				CLANG_WARN_NON_LITERAL_NULL_CONVERSION = YES;
				CLANG_WARN_OBJC_IMPLICIT_RETAIN_SELF = YES;
				CLANG_WARN_OBJC_LITERAL_CONVERSION = YES;
				CLANG_WARN_OBJC_ROOT_CLASS = YES_ERROR;
				CLANG_WARN_QUOTED_INCLUDE_IN_FRAMEWORK_HEADER = YES;
				CLANG_WARN_RANGE_LOOP_ANALYSIS = YES;
				CLANG_WARN_STRICT_PROTOTYPES = YES;
				CLANG_WARN_SUSPICIOUS_MOVE = YES;
				CLANG_WARN_UNGUARDED_AVAILABILITY = YES_AGGRESSIVE;
				CLANG_WARN_UNREACHABLE_CODE = YES;
				CLANG_WARN__DUPLICATE_METHOD_MATCH = YES;
				COPY_PHASE_STRIP = NO;
				DEBUG_INFORMATION_FORMAT = "dwarf-with-dsym";
				ENABLE_NS_ASSERTIONS = NO;
				ENABLE_STRICT_OBJC_MSGSEND = YES;
				GCC_C_LANGUAGE_STANDARD = gnu11;
				GCC_NO_COMMON_BLOCKS = YES;
				GCC_WARN_64_TO_32_BIT_CONVERSION = YES;
				GCC_WARN_ABOUT_RETURN_TYPE = YES_ERROR;
				GCC_WARN_UNDECLARED_SELECTOR = YES;
				GCC_WARN_UNINITIALIZED_AUTOS = YES_AGGRESSIVE;
				GCC_WARN_UNUSED_FUNCTION = YES;
				GCC_WARN_UNUSED_VARIABLE = YES;
				IPHONEOS_DEPLOYMENT_TARGET = 16.2;
				MTL_ENABLE_DEBUG_INFO = NO;
				MTL_FAST_MATH = YES;
				"OTHER_LDFLAGS[arch=*]" = "-ObjC";
				SDKROOT = iphoneos;
				SWIFT_COMPILATION_MODE = wholemodule;
				SWIFT_OPTIMIZATION_LEVEL = "-O";
				VALIDATE_PRODUCT = YES;
			};
			name = Release;
		};
		7FC1DF1529B39CBD00791AA6 /* Debug */ = {
			isa = XCBuildConfiguration;
			buildSettings = {
				ASSETCATALOG_COMPILER_APPICON_NAME = AppIcon;
				ASSETCATALOG_COMPILER_GLOBAL_ACCENT_COLOR_NAME = AccentColor;
				CODE_SIGN_STYLE = Automatic;
				CURRENT_PROJECT_VERSION = 1;
				DEVELOPMENT_ASSET_PATHS = "\"ChatGPTisGodApp/Preview Content\"";
				DEVELOPMENT_TEAM = 44SQBVTPVY;
				ENABLE_PREVIEWS = YES;
				GENERATE_INFOPLIST_FILE = YES;
				INFOPLIST_FILE = ChatGPTisGodApp/Info.plist;
				INFOPLIST_KEY_CFBundleDisplayName = "お悩み相談室";
				INFOPLIST_KEY_UIApplicationSceneManifest_Generation = YES;
				INFOPLIST_KEY_UIApplicationSupportsIndirectInputEvents = YES;
				INFOPLIST_KEY_UILaunchScreen_Generation = YES;
				INFOPLIST_KEY_UISupportedInterfaceOrientations = UIInterfaceOrientationPortrait;
				INFOPLIST_KEY_UISupportedInterfaceOrientations_iPad = "UIInterfaceOrientationLandscapeLeft UIInterfaceOrientationLandscapeRight UIInterfaceOrientationPortrait UIInterfaceOrientationPortraitUpsideDown";
				LD_RUNPATH_SEARCH_PATHS = (
					"$(inherited)",
					"@executable_path/Frameworks",
				);
				MARKETING_VERSION = 1.5;
				PRODUCT_BUNDLE_IDENTIFIER = com.naorandd.ChatGPTisGodApp;
				PRODUCT_NAME = "$(TARGET_NAME)";
				SUPPORTED_PLATFORMS = "iphoneos iphonesimulator";
				SUPPORTS_MACCATALYST = NO;
				SUPPORTS_MAC_DESIGNED_FOR_IPHONE_IPAD = NO;
				SWIFT_EMIT_LOC_STRINGS = YES;
				SWIFT_VERSION = 5.0;
				TARGETED_DEVICE_FAMILY = 1;
			};
			name = Debug;
		};
		7FC1DF1629B39CBD00791AA6 /* Release */ = {
			isa = XCBuildConfiguration;
			buildSettings = {
				ASSETCATALOG_COMPILER_APPICON_NAME = AppIcon;
				ASSETCATALOG_COMPILER_GLOBAL_ACCENT_COLOR_NAME = AccentColor;
				CODE_SIGN_STYLE = Automatic;
				CURRENT_PROJECT_VERSION = 1;
				DEVELOPMENT_ASSET_PATHS = "\"ChatGPTisGodApp/Preview Content\"";
				DEVELOPMENT_TEAM = 44SQBVTPVY;
				ENABLE_PREVIEWS = YES;
				GENERATE_INFOPLIST_FILE = YES;
				INFOPLIST_FILE = ChatGPTisGodApp/Info.plist;
				INFOPLIST_KEY_CFBundleDisplayName = "お悩み相談室";
				INFOPLIST_KEY_UIApplicationSceneManifest_Generation = YES;
				INFOPLIST_KEY_UIApplicationSupportsIndirectInputEvents = YES;
				INFOPLIST_KEY_UILaunchScreen_Generation = YES;
				INFOPLIST_KEY_UISupportedInterfaceOrientations = UIInterfaceOrientationPortrait;
				INFOPLIST_KEY_UISupportedInterfaceOrientations_iPad = "UIInterfaceOrientationLandscapeLeft UIInterfaceOrientationLandscapeRight UIInterfaceOrientationPortrait UIInterfaceOrientationPortraitUpsideDown";
				LD_RUNPATH_SEARCH_PATHS = (
					"$(inherited)",
					"@executable_path/Frameworks",
				);
				MARKETING_VERSION = 1.5;
				PRODUCT_BUNDLE_IDENTIFIER = com.naorandd.ChatGPTisGodApp;
				PRODUCT_NAME = "$(TARGET_NAME)";
				SUPPORTED_PLATFORMS = "iphoneos iphonesimulator";
				SUPPORTS_MACCATALYST = NO;
				SUPPORTS_MAC_DESIGNED_FOR_IPHONE_IPAD = NO;
				SWIFT_EMIT_LOC_STRINGS = YES;
				SWIFT_VERSION = 5.0;
				TARGETED_DEVICE_FAMILY = 1;
			};
			name = Release;
		};
		7FC1DF1829B39CBD00791AA6 /* Debug */ = {
			isa = XCBuildConfiguration;
			buildSettings = {
				ALWAYS_EMBED_SWIFT_STANDARD_LIBRARIES = YES;
				BUNDLE_LOADER = "$(TEST_HOST)";
				CODE_SIGN_STYLE = Automatic;
				CURRENT_PROJECT_VERSION = 1;
				DEVELOPMENT_TEAM = 44SQBVTPVY;
				GENERATE_INFOPLIST_FILE = YES;
				IPHONEOS_DEPLOYMENT_TARGET = 16.2;
				MARKETING_VERSION = 1.0;
				PRODUCT_BUNDLE_IDENTIFIER = com.naorandd.ChatGPTisGodAppTests;
				PRODUCT_NAME = "$(TARGET_NAME)";
				SWIFT_EMIT_LOC_STRINGS = NO;
				SWIFT_VERSION = 5.0;
				TARGETED_DEVICE_FAMILY = "1,2";
				TEST_HOST = "$(BUILT_PRODUCTS_DIR)/ChatGPTisGodApp.app/$(BUNDLE_EXECUTABLE_FOLDER_PATH)/ChatGPTisGodApp";
			};
			name = Debug;
		};
		7FC1DF1929B39CBD00791AA6 /* Release */ = {
			isa = XCBuildConfiguration;
			buildSettings = {
				ALWAYS_EMBED_SWIFT_STANDARD_LIBRARIES = YES;
				BUNDLE_LOADER = "$(TEST_HOST)";
				CODE_SIGN_STYLE = Automatic;
				CURRENT_PROJECT_VERSION = 1;
				DEVELOPMENT_TEAM = 44SQBVTPVY;
				GENERATE_INFOPLIST_FILE = YES;
				IPHONEOS_DEPLOYMENT_TARGET = 16.2;
				MARKETING_VERSION = 1.0;
				PRODUCT_BUNDLE_IDENTIFIER = com.naorandd.ChatGPTisGodAppTests;
				PRODUCT_NAME = "$(TARGET_NAME)";
				SWIFT_EMIT_LOC_STRINGS = NO;
				SWIFT_VERSION = 5.0;
				TARGETED_DEVICE_FAMILY = "1,2";
				TEST_HOST = "$(BUILT_PRODUCTS_DIR)/ChatGPTisGodApp.app/$(BUNDLE_EXECUTABLE_FOLDER_PATH)/ChatGPTisGodApp";
			};
			name = Release;
		};
/* End XCBuildConfiguration section */

/* Begin XCConfigurationList section */
		7FC1DEEB29B39CBB00791AA6 /* Build configuration list for PBXProject "ChatGPTisGodApp" */ = {
			isa = XCConfigurationList;
			buildConfigurations = (
				7FC1DF1229B39CBD00791AA6 /* Debug */,
				7FC1DF1329B39CBD00791AA6 /* Release */,
			);
			defaultConfigurationIsVisible = 0;
			defaultConfigurationName = Release;
		};
		7FC1DF1429B39CBD00791AA6 /* Build configuration list for PBXNativeTarget "ChatGPTisGodApp" */ = {
			isa = XCConfigurationList;
			buildConfigurations = (
				7FC1DF1529B39CBD00791AA6 /* Debug */,
				7FC1DF1629B39CBD00791AA6 /* Release */,
			);
			defaultConfigurationIsVisible = 0;
			defaultConfigurationName = Release;
		};
		7FC1DF1729B39CBD00791AA6 /* Build configuration list for PBXNativeTarget "ChatGPTisGodAppTests" */ = {
			isa = XCConfigurationList;
			buildConfigurations = (
				7FC1DF1829B39CBD00791AA6 /* Debug */,
				7FC1DF1929B39CBD00791AA6 /* Release */,
			);
			defaultConfigurationIsVisible = 0;
			defaultConfigurationName = Release;
		};
/* End XCConfigurationList section */

/* Begin XCRemoteSwiftPackageReference section */
		7FC00EDE2A56E69600B5AEB5 /* XCRemoteSwiftPackageReference "swift-package-manager-google-mobile-ads" */ = {
			isa = XCRemoteSwiftPackageReference;
			repositoryURL = "https://github.com/googleads/swift-package-manager-google-mobile-ads.git";
			requirement = {
				kind = upToNextMajorVersion;
				minimumVersion = 10.0.0;
			};
		};
		7FC1DF3629BDA6F900791AA6 /* XCRemoteSwiftPackageReference "lottie-ios" */ = {
			isa = XCRemoteSwiftPackageReference;
			repositoryURL = "https://github.com/airbnb/lottie-ios.git";
			requirement = {
				kind = upToNextMajorVersion;
				minimumVersion = 4.0.0;
			};
		};
		7FC1DF9629C947EA00791AA6 /* XCRemoteSwiftPackageReference "AppInfoList" */ = {
			isa = XCRemoteSwiftPackageReference;
			repositoryURL = "https://github.com/kamimi01/AppInfoList.git";
			requirement = {
				kind = exactVersion;
				version = 1.0.0;
			};
		};
/* End XCRemoteSwiftPackageReference section */

/* Begin XCSwiftPackageProductDependency section */
		7FC00EDF2A56E69600B5AEB5 /* GoogleMobileAds */ = {
			isa = XCSwiftPackageProductDependency;
			package = 7FC00EDE2A56E69600B5AEB5 /* XCRemoteSwiftPackageReference "swift-package-manager-google-mobile-ads" */;
			productName = GoogleMobileAds;
		};
		7FC1DF3729BDA6F900791AA6 /* Lottie */ = {
			isa = XCSwiftPackageProductDependency;
			package = 7FC1DF3629BDA6F900791AA6 /* XCRemoteSwiftPackageReference "lottie-ios" */;
			productName = Lottie;
		};
		7FC1DF9729C947EA00791AA6 /* AppInfoList */ = {
			isa = XCSwiftPackageProductDependency;
			package = 7FC1DF9629C947EA00791AA6 /* XCRemoteSwiftPackageReference "AppInfoList" */;
			productName = AppInfoList;
		};
/* End XCSwiftPackageProductDependency section */
	};
	rootObject = 7FC1DEE829B39CBB00791AA6 /* Project object */;
}
